
Microsoft Visual Studio Solution File, Format Version 12.00
# Visual Studio Version 17
VisualStudioVersion = 17.11.35312.102
MinimumVisualStudioVersion = 10.0.40219.1
Project("{FAE04EC0-301F-11D3-BF4B-00C04F79EFBC}") = "TCP Client", "TCP Client\TCP Client.csproj", "{ADFC906A-51C3-4706-930A-543ECBD7C56B}"
EndProject
Project("{FAE04EC0-301F-11D3-BF4B-00C04F79EFBC}") = "TCP Client (JSON)", "TCP Client (JSON)\TCP Client (JSON).csproj", "{31CBDB0C-9BF0-4CF8-A096-93A14950D06A}"
EndProject
Global
	GlobalSection(SolutionConfigurationPlatforms) = preSolution
		Debug|Any CPU = Debug|Any CPU
		Release|Any CPU = Release|Any CPU
	EndGlobalSection
	GlobalSection(ProjectConfigurationPlatforms) = postSolution
		{ADFC906A-51C3-4706-930A-543ECBD7C56B}.Debug|Any CPU.ActiveCfg = Debug|Any CPU
		{ADFC906A-51C3-4706-930A-543ECBD7C56B}.Debug|Any CPU.Build.0 = Debug|Any CPU
		{ADFC906A-51C3-4706-930A-543ECBD7C56B}.Release|Any CPU.ActiveCfg = Release|Any CPU
		{ADFC906A-51C3-4706-930A-543ECBD7C56B}.Release|Any CPU.Build.0 = Release|Any CPU
		{31CBDB0C-9BF0-4CF8-A096-93A14950D06A}.Debug|Any CPU.ActiveCfg = Debug|Any CPU
		{31CBDB0C-9BF0-4CF8-A096-93A14950D06A}.Debug|Any CPU.Build.0 = Debug|Any CPU
		{31CBDB0C-9BF0-4CF8-A096-93A14950D06A}.Release|Any CPU.ActiveCfg = Release|Any CPU
		{31CBDB0C-9BF0-4CF8-A096-93A14950D06A}.Release|Any CPU.Build.0 = Release|Any CPU
	EndGlobalSection
	GlobalSection(SolutionProperties) = preSolution
		HideSolutionNode = FALSE
	EndGlobalSection
	GlobalSection(ExtensibilityGlobals) = postSolution
		SolutionGuid = {3BF51694-635D-45D0-9BD7-22BC622CA1D4}
	EndGlobalSection
EndGlobal
